{
    "_readme": [
        "This file locks the dependencies of your project to a known state",
        "Read more about it at http://getcomposer.org/doc/01-basic-usage.md#composer-lock-the-lock-file",
        "This file is @generated automatically"
    ],
    "hash": "1abba5b9423697812331496f98a8b46d",
    "packages": [
        {
            "name": "slim/slim",
            "version": "2.4.3",
            "source": {
                "type": "git",
                "url": "https://github.com/codeguy/Slim.git",
                "reference": "4906b77a07c7bd6ff1a99aea903e940a2d4fa106"
            },
            "dist": {
                "type": "zip",
                "url": "https://api.github.com/repos/codeguy/Slim/zipball/4906b77a07c7bd6ff1a99aea903e940a2d4fa106",
                "reference": "4906b77a07c7bd6ff1a99aea903e940a2d4fa106",
                "shasum": ""
            },
            "require": {
                "php": ">=5.3.0"
            },
            "suggest": {
                "ext-mcrypt": "Required for HTTP cookie encryption"
            },
            "type": "library",
            "autoload": {
                "psr-0": {
                    "Slim": "."
                }
            },
            "notification-url": "https://packagist.org/downloads/",
            "license": [
                "MIT"
            ],
            "authors": [
                {
                    "name": "Josh Lockhart",
                    "email": "info@joshlockhart.com",
                    "homepage": "http://www.joshlockhart.com/"
                }
            ],
            "description": "Slim Framework, a PHP micro framework",
            "homepage": "http://github.com/codeguy/Slim",
            "keywords": [
                "microframework",
                "rest",
                "router"
            ],
            "time": "2014-04-05 18:33:59"
        },
        {
            "name": "tuupola/slim-fake-mcrypt",
            "version": "dev-master",
            "source": {
                "type": "git",
                "url": "https://github.com/tuupola/slim-fake-mcrypt.git",
                "reference": "555ded49a3e1b48aed37c5f1f48d927665283e8f"
            },
            "dist": {
                "type": "zip",
                "url": "https://api.github.com/repos/tuupola/slim-fake-mcrypt/zipball/555ded49a3e1b48aed37c5f1f48d927665283e8f",
                "reference": "555ded49a3e1b48aed37c5f1f48d927665283e8f",
                "shasum": ""
            },
            "require": {
                "php": ">=5.3.0"
            },
            "provide": {
                "ext-mcrypt": "*"
            },
            "type": "library",
            "notification-url": "https://packagist.org/downloads/",
            "license": [
                "MIT"
            ],
            "authors": [
                {
                    "name": "Mika Tuupola",
                    "email": "tuupola@appelsiini.net",
                    "homepage": "http://www.appelsiini.net/",
                    "role": "Developer"
                }
            ],
            "description": "Fake PHP mcrypt extension to enable installing Slim 2.3.*",
            "homepage": "https://github.com/tuupola/slim-fake-mcrypt",
            "keywords": [
                "hack"
            ],
            "time": "2014-05-16 11:49:44"
        }
    ],
    "packages-dev": [],
    "aliases": [],
    "minimum-stability": "stable",
    "stability-flags": {
        "tuupola/slim-fake-mcrypt": 20
    },
    "prefer-stable": false,
    "platform": [],
    "platform-dev": []
}
